// !$*UTF8*$!
{
	archiveVersion = 1;
	classes = {
	};
	objectVersion = 56;
	objects = {

/* Begin PBXBuildFile section */
		3E1BCC562B297E9B00A4CB69 /* iGopherBrowserApp.swift in Sources */ = {isa = PBXBuildFile; fileRef = 3E1BCC552B297E9B00A4CB69 /* iGopherBrowserApp.swift */; };
		3E1BCC582B297E9B00A4CB69 /* ContentView.swift in Sources */ = {isa = PBXBuildFile; fileRef = 3E1BCC572B297E9B00A4CB69 /* ContentView.swift */; };
		3E1BCC5C2B297E9C00A4CB69 /* Assets.xcassets in Resources */ = {isa = PBXBuildFile; fileRef = 3E1BCC5B2B297E9C00A4CB69 /* Assets.xcassets */; };
		3E1BCC602B297E9C00A4CB69 /* Preview Assets.xcassets in Resources */ = {isa = PBXBuildFile; fileRef = 3E1BCC5F2B297E9C00A4CB69 /* Preview Assets.xcassets */; };
		3E1BCC862B299E9F00A4CB69 /* SidebarView.swift in Sources */ = {isa = PBXBuildFile; fileRef = 3E1BCC852B299E9F00A4CB69 /* SidebarView.swift */; };
		3E52F6422B3697B000F0921C /* SettingsView.swift in Sources */ = {isa = PBXBuildFile; fileRef = 3E52F6412B3697B000F0921C /* SettingsView.swift */; };
		3E6584872B7409740078C282 /* BookmarksView.swift in Sources */ = {isa = PBXBuildFile; fileRef = 3E6584862B7409740078C282 /* BookmarksView.swift */; };
		3E76CF862B36AC2900979E1A /* iGopherBrowserUITests.swift in Sources */ = {isa = PBXBuildFile; fileRef = 3E76CF852B36AC2900979E1A /* iGopherBrowserUITests.swift */; };
		3E76CF882B36AC2900979E1A /* iGopherBrowserUITestsLaunchTests.swift in Sources */ = {isa = PBXBuildFile; fileRef = 3E76CF872B36AC2900979E1A /* iGopherBrowserUITestsLaunchTests.swift */; };
		3EC1DF8D2B323A1900EDD707 /* SwiftGopherClient in Frameworks */ = {isa = PBXBuildFile; productRef = 3EC1DF8C2B323A1900EDD707 /* SwiftGopherClient */; };
		3ECFE7432B4493F300AEBAE0 /* TelemetryClient in Frameworks */ = {isa = PBXBuildFile; productRef = 3ECFE7422B4493F300AEBAE0 /* TelemetryClient */; };
		3EFB9C0D2B2E4F06005EAD7C /* SearchInputView.swift in Sources */ = {isa = PBXBuildFile; fileRef = 3EFB9C0C2B2E4F06005EAD7C /* SearchInputView.swift */; };
		3EFB9C0F2B2E6325005EAD7C /* FileView.swift in Sources */ = {isa = PBXBuildFile; fileRef = 3EFB9C0E2B2E6325005EAD7C /* FileView.swift */; };
		3EFB9C112B2E869C005EAD7C /* BrowserView.swift in Sources */ = {isa = PBXBuildFile; fileRef = 3EFB9C102B2E869C005EAD7C /* BrowserView.swift */; };
		3EFB9C132B2E872A005EAD7C /* Helpers.swift in Sources */ = {isa = PBXBuildFile; fileRef = 3EFB9C122B2E872A005EAD7C /* Helpers.swift */; };
/* End PBXBuildFile section */

/* Begin PBXContainerItemProxy section */
		3E76CF892B36AC2900979E1A /* PBXContainerItemProxy */ = {
			isa = PBXContainerItemProxy;
			containerPortal = 3E1BCC4A2B297E9B00A4CB69 /* Project object */;
			proxyType = 1;
			remoteGlobalIDString = 3E1BCC512B297E9B00A4CB69;
			remoteInfo = iGopherBrowser;
		};
/* End PBXContainerItemProxy section */

/* Begin PBXFileReference section */
		3E1BCC522B297E9B00A4CB69 /* iGopherBrowser.app */ = {isa = PBXFileReference; explicitFileType = wrapper.application; includeInIndex = 0; path = iGopherBrowser.app; sourceTree = BUILT_PRODUCTS_DIR; };
		3E1BCC552B297E9B00A4CB69 /* iGopherBrowserApp.swift */ = {isa = PBXFileReference; lastKnownFileType = sourcecode.swift; path = iGopherBrowserApp.swift; sourceTree = "<group>"; };
		3E1BCC572B297E9B00A4CB69 /* ContentView.swift */ = {isa = PBXFileReference; lastKnownFileType = sourcecode.swift; path = ContentView.swift; sourceTree = "<group>"; };
		3E1BCC5B2B297E9C00A4CB69 /* Assets.xcassets */ = {isa = PBXFileReference; lastKnownFileType = folder.assetcatalog; path = Assets.xcassets; sourceTree = "<group>"; };
		3E1BCC5D2B297E9C00A4CB69 /* iGopherBrowser.entitlements */ = {isa = PBXFileReference; lastKnownFileType = text.plist.entitlements; path = iGopherBrowser.entitlements; sourceTree = "<group>"; };
		3E1BCC5F2B297E9C00A4CB69 /* Preview Assets.xcassets */ = {isa = PBXFileReference; lastKnownFileType = folder.assetcatalog; path = "Preview Assets.xcassets"; sourceTree = "<group>"; };
		3E1BCC612B297E9C00A4CB69 /* Info.plist */ = {isa = PBXFileReference; lastKnownFileType = text.plist.xml; path = Info.plist; sourceTree = "<group>"; };
		3E1BCC852B299E9F00A4CB69 /* SidebarView.swift */ = {isa = PBXFileReference; lastKnownFileType = sourcecode.swift; path = SidebarView.swift; sourceTree = "<group>"; };
		3E52F6412B3697B000F0921C /* SettingsView.swift */ = {isa = PBXFileReference; lastKnownFileType = sourcecode.swift; path = SettingsView.swift; sourceTree = "<group>"; };
		3E6584862B7409740078C282 /* BookmarksView.swift */ = {isa = PBXFileReference; lastKnownFileType = sourcecode.swift; path = BookmarksView.swift; sourceTree = "<group>"; };
		3E76CF832B36AC2900979E1A /* iGopherBrowserUITests.xctest */ = {isa = PBXFileReference; explicitFileType = wrapper.cfbundle; includeInIndex = 0; path = iGopherBrowserUITests.xctest; sourceTree = BUILT_PRODUCTS_DIR; };
		3E76CF852B36AC2900979E1A /* iGopherBrowserUITests.swift */ = {isa = PBXFileReference; lastKnownFileType = sourcecode.swift; path = iGopherBrowserUITests.swift; sourceTree = "<group>"; };
		3E76CF872B36AC2900979E1A /* iGopherBrowserUITestsLaunchTests.swift */ = {isa = PBXFileReference; lastKnownFileType = sourcecode.swift; path = iGopherBrowserUITestsLaunchTests.swift; sourceTree = "<group>"; };
		3EA9102E2B399F150078150C /* iGopherBrowserUITests.xctestplan */ = {isa = PBXFileReference; lastKnownFileType = text; path = iGopherBrowserUITests.xctestplan; sourceTree = "<group>"; };
		3EFB9C0C2B2E4F06005EAD7C /* SearchInputView.swift */ = {isa = PBXFileReference; lastKnownFileType = sourcecode.swift; path = SearchInputView.swift; sourceTree = "<group>"; };
		3EFB9C0E2B2E6325005EAD7C /* FileView.swift */ = {isa = PBXFileReference; lastKnownFileType = sourcecode.swift; path = FileView.swift; sourceTree = "<group>"; };
		3EFB9C102B2E869C005EAD7C /* BrowserView.swift */ = {isa = PBXFileReference; lastKnownFileType = sourcecode.swift; path = BrowserView.swift; sourceTree = "<group>"; };
		3EFB9C122B2E872A005EAD7C /* Helpers.swift */ = {isa = PBXFileReference; lastKnownFileType = sourcecode.swift; path = Helpers.swift; sourceTree = "<group>"; };
/* End PBXFileReference section */

/* Begin PBXFrameworksBuildPhase section */
		3E1BCC4F2B297E9B00A4CB69 /* Frameworks */ = {
			isa = PBXFrameworksBuildPhase;
			buildActionMask = 2147483647;
			files = (
				3EC1DF8D2B323A1900EDD707 /* SwiftGopherClient in Frameworks */,
				3ECFE7432B4493F300AEBAE0 /* TelemetryClient in Frameworks */,
			);
			runOnlyForDeploymentPostprocessing = 0;
		};
		3E76CF802B36AC2900979E1A /* Frameworks */ = {
			isa = PBXFrameworksBuildPhase;
			buildActionMask = 2147483647;
			files = (
			);
			runOnlyForDeploymentPostprocessing = 0;
		};
/* End PBXFrameworksBuildPhase section */

/* Begin PBXGroup section */
		3E1BCC492B297E9B00A4CB69 = {
			isa = PBXGroup;
			children = (
				3EA9102E2B399F150078150C /* iGopherBrowserUITests.xctestplan */,
				3E1BCC542B297E9B00A4CB69 /* iGopherBrowser */,
				3E76CF842B36AC2900979E1A /* iGopherBrowserUITests */,
				3E1BCC532B297E9B00A4CB69 /* Products */,
				3E1BCC7A2B29885900A4CB69 /* Frameworks */,
			);
			sourceTree = "<group>";
		};
		3E1BCC532B297E9B00A4CB69 /* Products */ = {
			isa = PBXGroup;
			children = (
				3E1BCC522B297E9B00A4CB69 /* iGopherBrowser.app */,
				3E76CF832B36AC2900979E1A /* iGopherBrowserUITests.xctest */,
			);
			name = Products;
			sourceTree = "<group>";
		};
		3E1BCC542B297E9B00A4CB69 /* iGopherBrowser */ = {
			isa = PBXGroup;
			children = (
				3E1BCC552B297E9B00A4CB69 /* iGopherBrowserApp.swift */,
				3E1BCC572B297E9B00A4CB69 /* ContentView.swift */,
				3E1BCC5B2B297E9C00A4CB69 /* Assets.xcassets */,
				3E1BCC5D2B297E9C00A4CB69 /* iGopherBrowser.entitlements */,
				3E1BCC612B297E9C00A4CB69 /* Info.plist */,
				3E1BCC5E2B297E9C00A4CB69 /* Preview Content */,
				3E1BCC852B299E9F00A4CB69 /* SidebarView.swift */,
				3EFB9C0C2B2E4F06005EAD7C /* SearchInputView.swift */,
				3EFB9C0E2B2E6325005EAD7C /* FileView.swift */,
				3EFB9C102B2E869C005EAD7C /* BrowserView.swift */,
				3E6584862B7409740078C282 /* BookmarksView.swift */,
				3EFB9C122B2E872A005EAD7C /* Helpers.swift */,
				3E52F6412B3697B000F0921C /* SettingsView.swift */,
			);
			path = iGopherBrowser;
			sourceTree = "<group>";
		};
		3E1BCC5E2B297E9C00A4CB69 /* Preview Content */ = {
			isa = PBXGroup;
			children = (
				3E1BCC5F2B297E9C00A4CB69 /* Preview Assets.xcassets */,
			);
			path = "Preview Content";
			sourceTree = "<group>";
		};
		3E1BCC7A2B29885900A4CB69 /* Frameworks */ = {
			isa = PBXGroup;
			children = (
			);
			name = Frameworks;
			sourceTree = "<group>";
		};
		3E76CF842B36AC2900979E1A /* iGopherBrowserUITests */ = {
			isa = PBXGroup;
			children = (
				3E76CF852B36AC2900979E1A /* iGopherBrowserUITests.swift */,
				3E76CF872B36AC2900979E1A /* iGopherBrowserUITestsLaunchTests.swift */,
			);
			path = iGopherBrowserUITests;
			sourceTree = "<group>";
		};
/* End PBXGroup section */

/* Begin PBXNativeTarget section */
		3E1BCC512B297E9B00A4CB69 /* iGopherBrowser */ = {
			isa = PBXNativeTarget;
			buildConfigurationList = 3E1BCC642B297E9C00A4CB69 /* Build configuration list for PBXNativeTarget "iGopherBrowser" */;
			buildPhases = (
				3E1BCC4E2B297E9B00A4CB69 /* Sources */,
				3E1BCC4F2B297E9B00A4CB69 /* Frameworks */,
				3E1BCC502B297E9B00A4CB69 /* Resources */,
			);
			buildRules = (
			);
			dependencies = (
			);
			name = iGopherBrowser;
			packageProductDependencies = (
				3EC1DF8C2B323A1900EDD707 /* SwiftGopherClient */,
				3ECFE7422B4493F300AEBAE0 /* TelemetryClient */,
			);
			productName = iGopherBrowser;
			productReference = 3E1BCC522B297E9B00A4CB69 /* iGopherBrowser.app */;
			productType = "com.apple.product-type.application";
		};
		3E76CF822B36AC2900979E1A /* iGopherBrowserUITests */ = {
			isa = PBXNativeTarget;
			buildConfigurationList = 3E76CF8B2B36AC2900979E1A /* Build configuration list for PBXNativeTarget "iGopherBrowserUITests" */;
			buildPhases = (
				3E76CF7F2B36AC2900979E1A /* Sources */,
				3E76CF802B36AC2900979E1A /* Frameworks */,
				3E76CF812B36AC2900979E1A /* Resources */,
			);
			buildRules = (
			);
			dependencies = (
				3E76CF8A2B36AC2900979E1A /* PBXTargetDependency */,
			);
			name = iGopherBrowserUITests;
			productName = iGopherBrowserUITests;
			productReference = 3E76CF832B36AC2900979E1A /* iGopherBrowserUITests.xctest */;
			productType = "com.apple.product-type.bundle.ui-testing";
		};
/* End PBXNativeTarget section */

/* Begin PBXProject section */
		3E1BCC4A2B297E9B00A4CB69 /* Project object */ = {
			isa = PBXProject;
			attributes = {
				BuildIndependentTargetsInParallel = 1;
				LastSwiftUpdateCheck = 1500;
				LastUpgradeCheck = 1500;
				TargetAttributes = {
					3E1BCC512B297E9B00A4CB69 = {
						CreatedOnToolsVersion = 15.0;
					};
					3E76CF822B36AC2900979E1A = {
						CreatedOnToolsVersion = 15.0;
						TestTargetID = 3E1BCC512B297E9B00A4CB69;
					};
				};
			};
			buildConfigurationList = 3E1BCC4D2B297E9B00A4CB69 /* Build configuration list for PBXProject "iGopherBrowser" */;
			compatibilityVersion = "Xcode 14.0";
			developmentRegion = en;
			hasScannedForEncodings = 0;
			knownRegions = (
				en,
				Base,
			);
			mainGroup = 3E1BCC492B297E9B00A4CB69;
			packageReferences = (
				3EC1DF8B2B323A0600EDD707 /* XCRemoteSwiftPackageReference "swift-gopher" */,
				3ECFE7412B4493F300AEBAE0 /* XCRemoteSwiftPackageReference "SwiftClient" */,
			);
			productRefGroup = 3E1BCC532B297E9B00A4CB69 /* Products */;
			projectDirPath = "";
			projectRoot = "";
			targets = (
				3E1BCC512B297E9B00A4CB69 /* iGopherBrowser */,
				3E76CF822B36AC2900979E1A /* iGopherBrowserUITests */,
			);
		};
/* End PBXProject section */

/* Begin PBXResourcesBuildPhase section */
		3E1BCC502B297E9B00A4CB69 /* Resources */ = {
			isa = PBXResourcesBuildPhase;
			buildActionMask = 2147483647;
			files = (
				3E1BCC602B297E9C00A4CB69 /* Preview Assets.xcassets in Resources */,
				3E1BCC5C2B297E9C00A4CB69 /* Assets.xcassets in Resources */,
			);
			runOnlyForDeploymentPostprocessing = 0;
		};
		3E76CF812B36AC2900979E1A /* Resources */ = {
			isa = PBXResourcesBuildPhase;
			buildActionMask = 2147483647;
			files = (
			);
			runOnlyForDeploymentPostprocessing = 0;
		};
/* End PBXResourcesBuildPhase section */

/* Begin PBXSourcesBuildPhase section */
		3E1BCC4E2B297E9B00A4CB69 /* Sources */ = {
			isa = PBXSourcesBuildPhase;
			buildActionMask = 2147483647;
			files = (
				3EFB9C0F2B2E6325005EAD7C /* FileView.swift in Sources */,
				3E52F6422B3697B000F0921C /* SettingsView.swift in Sources */,
				3E1BCC582B297E9B00A4CB69 /* ContentView.swift in Sources */,
				3EFB9C112B2E869C005EAD7C /* BrowserView.swift in Sources */,
				3E6584872B7409740078C282 /* BookmarksView.swift in Sources */,
				3EFB9C132B2E872A005EAD7C /* Helpers.swift in Sources */,
				3E1BCC862B299E9F00A4CB69 /* SidebarView.swift in Sources */,
				3E1BCC562B297E9B00A4CB69 /* iGopherBrowserApp.swift in Sources */,
				3EFB9C0D2B2E4F06005EAD7C /* SearchInputView.swift in Sources */,
			);
			runOnlyForDeploymentPostprocessing = 0;
		};
		3E76CF7F2B36AC2900979E1A /* Sources */ = {
			isa = PBXSourcesBuildPhase;
			buildActionMask = 2147483647;
			files = (
				3E76CF882B36AC2900979E1A /* iGopherBrowserUITestsLaunchTests.swift in Sources */,
				3E76CF862B36AC2900979E1A /* iGopherBrowserUITests.swift in Sources */,
			);
			runOnlyForDeploymentPostprocessing = 0;
		};
/* End PBXSourcesBuildPhase section */

/* Begin PBXTargetDependency section */
		3E76CF8A2B36AC2900979E1A /* PBXTargetDependency */ = {
			isa = PBXTargetDependency;
			target = 3E1BCC512B297E9B00A4CB69 /* iGopherBrowser */;
			targetProxy = 3E76CF892B36AC2900979E1A /* PBXContainerItemProxy */;
		};
/* End PBXTargetDependency section */

/* Begin XCBuildConfiguration section */
		3E1BCC622B297E9C00A4CB69 /* Debug */ = {
			isa = XCBuildConfiguration;
			buildSettings = {
				ALWAYS_SEARCH_USER_PATHS = NO;
				ASSETCATALOG_COMPILER_GENERATE_SWIFT_ASSET_SYMBOL_EXTENSIONS = YES;
				CLANG_ANALYZER_NONNULL = YES;
				CLANG_ANALYZER_NUMBER_OBJECT_CONVERSION = YES_AGGRESSIVE;
				CLANG_CXX_LANGUAGE_STANDARD = "gnu++20";
				CLANG_ENABLE_MODULES = YES;
				CLANG_ENABLE_OBJC_ARC = YES;
				CLANG_ENABLE_OBJC_WEAK = YES;
				CLANG_WARN_BLOCK_CAPTURE_AUTORELEASING = YES;
				CLANG_WARN_BOOL_CONVERSION = YES;
				CLANG_WARN_COMMA = YES;
				CLANG_WARN_CONSTANT_CONVERSION = YES;
				CLANG_WARN_DEPRECATED_OBJC_IMPLEMENTATIONS = YES;
				CLANG_WARN_DIRECT_OBJC_ISA_USAGE = YES_ERROR;
				CLANG_WARN_DOCUMENTATION_COMMENTS = YES;
				CLANG_WARN_EMPTY_BODY = YES;
				CLANG_WARN_ENUM_CONVERSION = YES;
				CLANG_WARN_INFINITE_RECURSION = YES;
				CLANG_WARN_INT_CONVERSION = YES;
				CLANG_WARN_NON_LITERAL_NULL_CONVERSION = YES;
				CLANG_WARN_OBJC_IMPLICIT_RETAIN_SELF = YES;
				CLANG_WARN_OBJC_LITERAL_CONVERSION = YES;
				CLANG_WARN_OBJC_ROOT_CLASS = YES_ERROR;
				CLANG_WARN_QUOTED_INCLUDE_IN_FRAMEWORK_HEADER = YES;
				CLANG_WARN_RANGE_LOOP_ANALYSIS = YES;
				CLANG_WARN_STRICT_PROTOTYPES = YES;
				CLANG_WARN_SUSPICIOUS_MOVE = YES;
				CLANG_WARN_UNGUARDED_AVAILABILITY = YES_AGGRESSIVE;
				CLANG_WARN_UNREACHABLE_CODE = YES;
				CLANG_WARN__DUPLICATE_METHOD_MATCH = YES;
				COPY_PHASE_STRIP = NO;
				DEBUG_INFORMATION_FORMAT = dwarf;
				ENABLE_STRICT_OBJC_MSGSEND = YES;
				ENABLE_TESTABILITY = YES;
				ENABLE_USER_SCRIPT_SANDBOXING = YES;
				GCC_C_LANGUAGE_STANDARD = gnu17;
				GCC_DYNAMIC_NO_PIC = NO;
				GCC_NO_COMMON_BLOCKS = YES;
				GCC_OPTIMIZATION_LEVEL = 0;
				GCC_PREPROCESSOR_DEFINITIONS = (
					"DEBUG=1",
					"$(inherited)",
				);
				GCC_WARN_64_TO_32_BIT_CONVERSION = YES;
				GCC_WARN_ABOUT_RETURN_TYPE = YES_ERROR;
				GCC_WARN_UNDECLARED_SELECTOR = YES;
				GCC_WARN_UNINITIALIZED_AUTOS = YES_AGGRESSIVE;
				GCC_WARN_UNUSED_FUNCTION = YES;
				GCC_WARN_UNUSED_VARIABLE = YES;
				LOCALIZATION_PREFERS_STRING_CATALOGS = YES;
				MTL_ENABLE_DEBUG_INFO = INCLUDE_SOURCE;
				MTL_FAST_MATH = YES;
				ONLY_ACTIVE_ARCH = YES;
				SWIFT_ACTIVE_COMPILATION_CONDITIONS = "DEBUG $(inherited)";
				SWIFT_OPTIMIZATION_LEVEL = "-Onone";
			};
			name = Debug;
		};
		3E1BCC632B297E9C00A4CB69 /* Release */ = {
			isa = XCBuildConfiguration;
			buildSettings = {
				ALWAYS_SEARCH_USER_PATHS = NO;
				ASSETCATALOG_COMPILER_GENERATE_SWIFT_ASSET_SYMBOL_EXTENSIONS = YES;
				CLANG_ANALYZER_NONNULL = YES;
				CLANG_ANALYZER_NUMBER_OBJECT_CONVERSION = YES_AGGRESSIVE;
				CLANG_CXX_LANGUAGE_STANDARD = "gnu++20";
				CLANG_ENABLE_MODULES = YES;
				CLANG_ENABLE_OBJC_ARC = YES;
				CLANG_ENABLE_OBJC_WEAK = YES;
				CLANG_WARN_BLOCK_CAPTURE_AUTORELEASING = YES;
				CLANG_WARN_BOOL_CONVERSION = YES;
				CLANG_WARN_COMMA = YES;
				CLANG_WARN_CONSTANT_CONVERSION = YES;
				CLANG_WARN_DEPRECATED_OBJC_IMPLEMENTATIONS = YES;
				CLANG_WARN_DIRECT_OBJC_ISA_USAGE = YES_ERROR;
				CLANG_WARN_DOCUMENTATION_COMMENTS = YES;
				CLANG_WARN_EMPTY_BODY = YES;
				CLANG_WARN_ENUM_CONVERSION = YES;
				CLANG_WARN_INFINITE_RECURSION = YES;
				CLANG_WARN_INT_CONVERSION = YES;
				CLANG_WARN_NON_LITERAL_NULL_CONVERSION = YES;
				CLANG_WARN_OBJC_IMPLICIT_RETAIN_SELF = YES;
				CLANG_WARN_OBJC_LITERAL_CONVERSION = YES;
				CLANG_WARN_OBJC_ROOT_CLASS = YES_ERROR;
				CLANG_WARN_QUOTED_INCLUDE_IN_FRAMEWORK_HEADER = YES;
				CLANG_WARN_RANGE_LOOP_ANALYSIS = YES;
				CLANG_WARN_STRICT_PROTOTYPES = YES;
				CLANG_WARN_SUSPICIOUS_MOVE = YES;
				CLANG_WARN_UNGUARDED_AVAILABILITY = YES_AGGRESSIVE;
				CLANG_WARN_UNREACHABLE_CODE = YES;
				CLANG_WARN__DUPLICATE_METHOD_MATCH = YES;
				COPY_PHASE_STRIP = NO;
				DEBUG_INFORMATION_FORMAT = "dwarf-with-dsym";
				ENABLE_NS_ASSERTIONS = NO;
				ENABLE_STRICT_OBJC_MSGSEND = YES;
				ENABLE_USER_SCRIPT_SANDBOXING = YES;
				GCC_C_LANGUAGE_STANDARD = gnu17;
				GCC_NO_COMMON_BLOCKS = YES;
				GCC_WARN_64_TO_32_BIT_CONVERSION = YES;
				GCC_WARN_ABOUT_RETURN_TYPE = YES_ERROR;
				GCC_WARN_UNDECLARED_SELECTOR = YES;
				GCC_WARN_UNINITIALIZED_AUTOS = YES_AGGRESSIVE;
				GCC_WARN_UNUSED_FUNCTION = YES;
				GCC_WARN_UNUSED_VARIABLE = YES;
				LOCALIZATION_PREFERS_STRING_CATALOGS = YES;
				MTL_ENABLE_DEBUG_INFO = NO;
				MTL_FAST_MATH = YES;
				SWIFT_COMPILATION_MODE = wholemodule;
			};
			name = Release;
		};
		3E1BCC652B297E9C00A4CB69 /* Debug */ = {
			isa = XCBuildConfiguration;
			buildSettings = {
				ASSETCATALOG_COMPILER_APPICON_NAME = AppIcon;
				ASSETCATALOG_COMPILER_GLOBAL_ACCENT_COLOR_NAME = AccentColor;
				ASSETCATALOG_COMPILER_INCLUDE_ALL_APPICON_ASSETS = YES;
				CODE_SIGN_ENTITLEMENTS = iGopherBrowser/iGopherBrowser.entitlements;
				"CODE_SIGN_IDENTITY[sdk=macosx*]" = "Apple Development";
				CODE_SIGN_STYLE = Automatic;
				CURRENT_PROJECT_VERSION = 10;
				DEVELOPMENT_ASSET_PATHS = "\"iGopherBrowser/Preview Content\"";
				DEVELOPMENT_TEAM = 6BS49F3GLW;
				ENABLE_HARDENED_RUNTIME = YES;
				ENABLE_PREVIEWS = YES;
				GENERATE_INFOPLIST_FILE = YES;
				INFOPLIST_FILE = iGopherBrowser/Info.plist;
				INFOPLIST_KEY_LSApplicationCategoryType = "public.app-category.productivity";
				"INFOPLIST_KEY_UIApplicationSceneManifest_Generation[sdk=iphoneos*]" = YES;
				"INFOPLIST_KEY_UIApplicationSceneManifest_Generation[sdk=iphonesimulator*]" = YES;
				"INFOPLIST_KEY_UIApplicationSupportsIndirectInputEvents[sdk=iphoneos*]" = YES;
				"INFOPLIST_KEY_UIApplicationSupportsIndirectInputEvents[sdk=iphonesimulator*]" = YES;
				"INFOPLIST_KEY_UILaunchScreen_Generation[sdk=iphoneos*]" = YES;
				"INFOPLIST_KEY_UILaunchScreen_Generation[sdk=iphonesimulator*]" = YES;
				"INFOPLIST_KEY_UIStatusBarStyle[sdk=iphoneos*]" = UIStatusBarStyleDefault;
				"INFOPLIST_KEY_UIStatusBarStyle[sdk=iphonesimulator*]" = UIStatusBarStyleDefault;
				INFOPLIST_KEY_UISupportedInterfaceOrientations_iPad = "UIInterfaceOrientationPortrait UIInterfaceOrientationPortraitUpsideDown UIInterfaceOrientationLandscapeLeft UIInterfaceOrientationLandscapeRight";
				INFOPLIST_KEY_UISupportedInterfaceOrientations_iPhone = "UIInterfaceOrientationPortrait UIInterfaceOrientationLandscapeLeft UIInterfaceOrientationLandscapeRight";
				IPHONEOS_DEPLOYMENT_TARGET = 17.0;
				LD_RUNPATH_SEARCH_PATHS = "@executable_path/Frameworks";
				"LD_RUNPATH_SEARCH_PATHS[sdk=macosx*]" = "@executable_path/../Frameworks";
				MACOSX_DEPLOYMENT_TARGET = 14.0;
				MARKETING_VERSION = 1.0.6;
				PRODUCT_BUNDLE_IDENTIFIER = com.navanchauhan.iGopherBrowser;
				PRODUCT_NAME = "$(TARGET_NAME)";
				SDKROOT = auto;
				SUPPORTED_PLATFORMS = "iphoneos iphonesimulator macosx xros xrsimulator";
				SUPPORTS_MACCATALYST = NO;
				SWIFT_EMIT_LOC_STRINGS = YES;
				SWIFT_VERSION = 5.0;
				TARGETED_DEVICE_FAMILY = "1,2,7";
			};
			name = Debug;
		};
		3E1BCC662B297E9C00A4CB69 /* Release */ = {
			isa = XCBuildConfiguration;
			buildSettings = {
				ASSETCATALOG_COMPILER_APPICON_NAME = AppIcon;
				ASSETCATALOG_COMPILER_GLOBAL_ACCENT_COLOR_NAME = AccentColor;
				ASSETCATALOG_COMPILER_INCLUDE_ALL_APPICON_ASSETS = YES;
				CODE_SIGN_ENTITLEMENTS = iGopherBrowser/iGopherBrowser.entitlements;
				"CODE_SIGN_IDENTITY[sdk=macosx*]" = "Apple Development";
				CODE_SIGN_STYLE = Automatic;
				CURRENT_PROJECT_VERSION = 10;
				DEVELOPMENT_ASSET_PATHS = "\"iGopherBrowser/Preview Content\"";
				DEVELOPMENT_TEAM = 6BS49F3GLW;
				ENABLE_HARDENED_RUNTIME = YES;
				ENABLE_PREVIEWS = YES;
				GENERATE_INFOPLIST_FILE = YES;
				INFOPLIST_FILE = iGopherBrowser/Info.plist;
				INFOPLIST_KEY_LSApplicationCategoryType = "public.app-category.productivity";
				"INFOPLIST_KEY_UIApplicationSceneManifest_Generation[sdk=iphoneos*]" = YES;
				"INFOPLIST_KEY_UIApplicationSceneManifest_Generation[sdk=iphonesimulator*]" = YES;
				"INFOPLIST_KEY_UIApplicationSupportsIndirectInputEvents[sdk=iphoneos*]" = YES;
				"INFOPLIST_KEY_UIApplicationSupportsIndirectInputEvents[sdk=iphonesimulator*]" = YES;
				"INFOPLIST_KEY_UILaunchScreen_Generation[sdk=iphoneos*]" = YES;
				"INFOPLIST_KEY_UILaunchScreen_Generation[sdk=iphonesimulator*]" = YES;
				"INFOPLIST_KEY_UIStatusBarStyle[sdk=iphoneos*]" = UIStatusBarStyleDefault;
				"INFOPLIST_KEY_UIStatusBarStyle[sdk=iphonesimulator*]" = UIStatusBarStyleDefault;
				INFOPLIST_KEY_UISupportedInterfaceOrientations_iPad = "UIInterfaceOrientationPortrait UIInterfaceOrientationPortraitUpsideDown UIInterfaceOrientationLandscapeLeft UIInterfaceOrientationLandscapeRight";
				INFOPLIST_KEY_UISupportedInterfaceOrientations_iPhone = "UIInterfaceOrientationPortrait UIInterfaceOrientationLandscapeLeft UIInterfaceOrientationLandscapeRight";
				IPHONEOS_DEPLOYMENT_TARGET = 17.0;
				LD_RUNPATH_SEARCH_PATHS = "@executable_path/Frameworks";
				"LD_RUNPATH_SEARCH_PATHS[sdk=macosx*]" = "@executable_path/../Frameworks";
				MACOSX_DEPLOYMENT_TARGET = 14.0;
				MARKETING_VERSION = 1.0.6;
				PRODUCT_BUNDLE_IDENTIFIER = com.navanchauhan.iGopherBrowser;
				PRODUCT_NAME = "$(TARGET_NAME)";
				SDKROOT = auto;
				SUPPORTED_PLATFORMS = "iphoneos iphonesimulator macosx xros xrsimulator";
				SUPPORTS_MACCATALYST = NO;
				SWIFT_EMIT_LOC_STRINGS = YES;
				SWIFT_VERSION = 5.0;
				TARGETED_DEVICE_FAMILY = "1,2,7";
			};
			name = Release;
		};
		3E76CF8C2B36AC2900979E1A /* Debug */ = {
			isa = XCBuildConfiguration;
			buildSettings = {
				CODE_SIGN_STYLE = Automatic;
				CURRENT_PROJECT_VERSION = 1;
				DEVELOPMENT_TEAM = 6BS49F3GLW;
				GENERATE_INFOPLIST_FILE = YES;
				IPHONEOS_DEPLOYMENT_TARGET = 17.0;
				MACOSX_DEPLOYMENT_TARGET = 14.0;
				MARKETING_VERSION = 1.0;
				PRODUCT_BUNDLE_IDENTIFIER = com.navanchauhan.iGopherBrowserUITests;
				PRODUCT_NAME = "$(TARGET_NAME)";
				SDKROOT = auto;
				SUPPORTED_PLATFORMS = "iphoneos iphonesimulator macosx";
				SWIFT_EMIT_LOC_STRINGS = NO;
				SWIFT_VERSION = 5.0;
				TARGETED_DEVICE_FAMILY = "1,2";
				TEST_TARGET_NAME = iGopherBrowser;
			};
			name = Debug;
		};
		3E76CF8D2B36AC2900979E1A /* Release */ = {
			isa = XCBuildConfiguration;
			buildSettings = {
				CODE_SIGN_STYLE = Automatic;
				CURRENT_PROJECT_VERSION = 1;
				DEVELOPMENT_TEAM = 6BS49F3GLW;
				GENERATE_INFOPLIST_FILE = YES;
				IPHONEOS_DEPLOYMENT_TARGET = 17.0;
				MACOSX_DEPLOYMENT_TARGET = 14.0;
				MARKETING_VERSION = 1.0;
				PRODUCT_BUNDLE_IDENTIFIER = com.navanchauhan.iGopherBrowserUITests;
				PRODUCT_NAME = "$(TARGET_NAME)";
				SDKROOT = auto;
				SUPPORTED_PLATFORMS = "iphoneos iphonesimulator macosx";
				SWIFT_EMIT_LOC_STRINGS = NO;
				SWIFT_VERSION = 5.0;
				TARGETED_DEVICE_FAMILY = "1,2";
				TEST_TARGET_NAME = iGopherBrowser;
			};
			name = Release;
		};
/* End XCBuildConfiguration section */

/* Begin XCConfigurationList section */
		3E1BCC4D2B297E9B00A4CB69 /* Build configuration list for PBXProject "iGopherBrowser" */ = {
			isa = XCConfigurationList;
			buildConfigurations = (
				3E1BCC622B297E9C00A4CB69 /* Debug */,
				3E1BCC632B297E9C00A4CB69 /* Release */,
			);
			defaultConfigurationIsVisible = 0;
			defaultConfigurationName = Release;
		};
		3E1BCC642B297E9C00A4CB69 /* Build configuration list for PBXNativeTarget "iGopherBrowser" */ = {
			isa = XCConfigurationList;
			buildConfigurations = (
				3E1BCC652B297E9C00A4CB69 /* Debug */,
				3E1BCC662B297E9C00A4CB69 /* Release */,
			);
			defaultConfigurationIsVisible = 0;
			defaultConfigurationName = Release;
		};
		3E76CF8B2B36AC2900979E1A /* Build configuration list for PBXNativeTarget "iGopherBrowserUITests" */ = {
			isa = XCConfigurationList;
			buildConfigurations = (
				3E76CF8C2B36AC2900979E1A /* Debug */,
				3E76CF8D2B36AC2900979E1A /* Release */,
			);
			defaultConfigurationIsVisible = 0;
			defaultConfigurationName = Release;
		};
/* End XCConfigurationList section */

/* Begin XCRemoteSwiftPackageReference section */
		3EC1DF8B2B323A0600EDD707 /* XCRemoteSwiftPackageReference "swift-gopher" */ = {
			isa = XCRemoteSwiftPackageReference;
			repositoryURL = "https://github.com/navanchauhan/swift-gopher";
			requirement = {
				branch = master;
				kind = branch;
			};
		};
		3ECFE7412B4493F300AEBAE0 /* XCRemoteSwiftPackageReference "SwiftClient" */ = {
			isa = XCRemoteSwiftPackageReference;
			repositoryURL = "https://github.com/TelemetryDeck/SwiftClient";
			requirement = {
				kind = upToNextMajorVersion;
				minimumVersion = 1.5.0;
			};
		};
/* End XCRemoteSwiftPackageReference section */

/* Begin XCSwiftPackageProductDependency section */
		3EC1DF8C2B323A1900EDD707 /* SwiftGopherClient */ = {
			isa = XCSwiftPackageProductDependency;
			package = 3EC1DF8B2B323A0600EDD707 /* XCRemoteSwiftPackageReference "swift-gopher" */;
			productName = SwiftGopherClient;
		};
		3ECFE7422B4493F300AEBAE0 /* TelemetryClient */ = {
			isa = XCSwiftPackageProductDependency;
			package = 3ECFE7412B4493F300AEBAE0 /* XCRemoteSwiftPackageReference "SwiftClient" */;
			productName = TelemetryClient;
		};
/* End XCSwiftPackageProductDependency section */
	};
	rootObject = 3E1BCC4A2B297E9B00A4CB69 /* Project object */;
}
